
Microsoft Visual Studio Solution File, Format Version 12.00
# Visual Studio 15
VisualStudioVersion = 15.0.28307.168
MinimumVisualStudioVersion = 10.0.40219.1
Project("{9A19103F-16F7-4668-BE54-9A1E7A4F7556}") = "Renter.Core", "src\Renter.Core\Renter.Core.csproj", "{D0DE5C42-35A5-454A-BF45-A50A94D874B4}"
EndProject
Project("{9A19103F-16F7-4668-BE54-9A1E7A4F7556}") = "Renter.Infrastructure", "src\Renter.Infrastructure\Renter.Infrastructure.csproj", "{E653CF5E-72D0-483A-BEA9-17E31A3781CA}"
EndProject
Project("{9A19103F-16F7-4668-BE54-9A1E7A4F7556}") = "Renter.Tests", "tests\Renter.Tests\Renter.Tests.csproj", "{D1D23167-2433-45F5-B76A-C0E3F5BFCCAE}"
EndProject
Project("{9A19103F-16F7-4668-BE54-9A1E7A4F7556}") = "Renter.Tests.EndToEnd", "tests\Renter.Tests.EndToEnd\Renter.Tests.EndToEnd.csproj", "{81FB17E2-50BF-44D8-BE0B-3734477FC5FE}"
EndProject
Project("{9A19103F-16F7-4668-BE54-9A1E7A4F7556}") = "Renter.Api", "src\Renter.Api\Renter.Api.csproj", "{84725E37-B401-4A95-A795-19A8AD3DFDD5}"
EndProject
Project("{FAE04EC0-301F-11D3-BF4B-00C04F79EFBC}") = "Renter.Publisher", "Renter.Publisher\Renter.Publisher.csproj", "{7CF66C4E-FB85-4C70-A9B5-76468906E2F8}"
EndProject
Global
	GlobalSection(SolutionConfigurationPlatforms) = preSolution
		Debug|Any CPU = Debug|Any CPU
		Release|Any CPU = Release|Any CPU
	EndGlobalSection
	GlobalSection(ProjectConfigurationPlatforms) = postSolution
		{D0DE5C42-35A5-454A-BF45-A50A94D874B4}.Debug|Any CPU.ActiveCfg = Debug|Any CPU
		{D0DE5C42-35A5-454A-BF45-A50A94D874B4}.Debug|Any CPU.Build.0 = Debug|Any CPU
		{D0DE5C42-35A5-454A-BF45-A50A94D874B4}.Release|Any CPU.ActiveCfg = Release|Any CPU
		{D0DE5C42-35A5-454A-BF45-A50A94D874B4}.Release|Any CPU.Build.0 = Release|Any CPU
		{E653CF5E-72D0-483A-BEA9-17E31A3781CA}.Debug|Any CPU.ActiveCfg = Debug|Any CPU
		{E653CF5E-72D0-483A-BEA9-17E31A3781CA}.Debug|Any CPU.Build.0 = Debug|Any CPU
		{E653CF5E-72D0-483A-BEA9-17E31A3781CA}.Release|Any CPU.ActiveCfg = Release|Any CPU
		{E653CF5E-72D0-483A-BEA9-17E31A3781CA}.Release|Any CPU.Build.0 = Release|Any CPU
		{D1D23167-2433-45F5-B76A-C0E3F5BFCCAE}.Debug|Any CPU.ActiveCfg = Debug|Any CPU
		{D1D23167-2433-45F5-B76A-C0E3F5BFCCAE}.Debug|Any CPU.Build.0 = Debug|Any CPU
		{D1D23167-2433-45F5-B76A-C0E3F5BFCCAE}.Release|Any CPU.ActiveCfg = Release|Any CPU
		{D1D23167-2433-45F5-B76A-C0E3F5BFCCAE}.Release|Any CPU.Build.0 = Release|Any CPU
		{81FB17E2-50BF-44D8-BE0B-3734477FC5FE}.Debug|Any CPU.ActiveCfg = Debug|Any CPU
		{81FB17E2-50BF-44D8-BE0B-3734477FC5FE}.Debug|Any CPU.Build.0 = Debug|Any CPU
		{81FB17E2-50BF-44D8-BE0B-3734477FC5FE}.Release|Any CPU.ActiveCfg = Release|Any CPU
		{81FB17E2-50BF-44D8-BE0B-3734477FC5FE}.Release|Any CPU.Build.0 = Release|Any CPU
		{84725E37-B401-4A95-A795-19A8AD3DFDD5}.Debug|Any CPU.ActiveCfg = Debug|Any CPU
		{84725E37-B401-4A95-A795-19A8AD3DFDD5}.Debug|Any CPU.Build.0 = Debug|Any CPU
		{84725E37-B401-4A95-A795-19A8AD3DFDD5}.Release|Any CPU.ActiveCfg = Release|Any CPU
		{84725E37-B401-4A95-A795-19A8AD3DFDD5}.Release|Any CPU.Build.0 = Release|Any CPU
		{7CF66C4E-FB85-4C70-A9B5-76468906E2F8}.Debug|Any CPU.ActiveCfg = Debug|Any CPU
		{7CF66C4E-FB85-4C70-A9B5-76468906E2F8}.Debug|Any CPU.Build.0 = Debug|Any CPU
		{7CF66C4E-FB85-4C70-A9B5-76468906E2F8}.Release|Any CPU.ActiveCfg = Release|Any CPU
		{7CF66C4E-FB85-4C70-A9B5-76468906E2F8}.Release|Any CPU.Build.0 = Release|Any CPU
	EndGlobalSection
	GlobalSection(SolutionProperties) = preSolution
		HideSolutionNode = FALSE
	EndGlobalSection
	GlobalSection(ExtensibilityGlobals) = postSolution
		SolutionGuid = {E8A42351-B33E-4C72-A145-CEBD83EDED3E}
	EndGlobalSection
EndGlobal
